
Microsoft Visual Studio Solution File, Format Version 12.00
# Visual Studio Version 17
VisualStudioVersion = 17.0.31903.59
MinimumVisualStudioVersion = 10.0.40219.1
Project("{FAE04EC0-301F-11D3-BF4B-00C04F79EFBC}") = "Siemens.Engineering.Base", "Siemens.Engineering.Base\Siemens.Engineering.Base.csproj", "{A1D5993A-9A95-4C65-AA02-0553A88F8909}"
EndProject
Project("{FAE04EC0-301F-11D3-BF4B-00C04F79EFBC}") = "Siemens.Engineering.Step7", "Siemens.Engineering.Step7\Siemens.Engineering.Step7.csproj", "{7EC8417B-2852-4F18-8884-4978665FC663}"
EndProject
Project("{FAE04EC0-301F-11D3-BF4B-00C04F79EFBC}") = "Siemens.Engineering.WinCCUnified", "Siemens.Engineering.WinCCUnified\Siemens.Engineering.WinCCUnified.csproj", "{5B0E3A52-6C1D-4E7F-9A28-3D4F7C1B8E90}"
EndProject
Project("{FAE04EC0-301F-11D3-BF4B-00C04F79EFBC}") = "TiaMcpServer.OpennessReferenceProbe", "TiaMcpServer.OpennessReferenceProbe\TiaMcpServer.OpennessReferenceProbe.csproj", "{C14CB2B7-E0F2-4A5B-9C75-5A7EBA924333}"
EndProject
Global
	GlobalSection(SolutionConfigurationPlatforms) = preSolution
		Debug|Any CPU = Debug|Any CPU
		Debug|x64 = Debug|x64
		Debug|x86 = Debug|x86
		Release|Any CPU = Release|Any CPU
		Release|x64 = Release|x64
		Release|x86 = Release|x86
	EndGlobalSection
	GlobalSection(ProjectConfigurationPlatforms) = postSolution
		{A1D5993A-9A95-4C65-AA02-0553A88F8909}.Debug|Any CPU.ActiveCfg = Debug|Any CPU
		{A1D5993A-9A95-4C65-AA02-0553A88F8909}.Debug|Any CPU.Build.0 = Debug|Any CPU
		{A1D5993A-9A95-4C65-AA02-0553A88F8909}.Debug|x64.ActiveCfg = Debug|Any CPU
		{A1D5993A-9A95-4C65-AA02-0553A88F8909}.Debug|x64.Build.0 = Debug|Any CPU
		{A1D5993A-9A95-4C65-AA02-0553A88F8909}.Debug|x86.ActiveCfg = Debug|Any CPU
		{A1D5993A-9A95-4C65-AA02-0553A88F8909}.Debug|x86.Build.0 = Debug|Any CPU
		{A1D5993A-9A95-4C65-AA02-0553A88F8909}.Release|Any CPU.ActiveCfg = Release|Any CPU
		{A1D5993A-9A95-4C65-AA02-0553A88F8909}.Release|Any CPU.Build.0 = Release|Any CPU
		{A1D5993A-9A95-4C65-AA02-0553A88F8909}.Release|x64.ActiveCfg = Release|Any CPU
		{A1D5993A-9A95-4C65-AA02-0553A88F8909}.Release|x64.Build.0 = Release|Any CPU
		{A1D5993A-9A95-4C65-AA02-0553A88F8909}.Release|x86.ActiveCfg = Release|Any CPU
		{A1D5993A-9A95-4C65-AA02-0553A88F8909}.Release|x86.Build.0 = Release|Any CPU
		{7EC8417B-2852-4F18-8884-4978665FC663}.Debug|Any CPU.ActiveCfg = Debug|Any CPU
		{7EC8417B-2852-4F18-8884-4978665FC663}.Debug|Any CPU.Build.0 = Debug|Any CPU
		{7EC8417B-2852-4F18-8884-4978665FC663}.Debug|x64.ActiveCfg = Debug|Any CPU
		{7EC8417B-2852-4F18-8884-4978665FC663}.Debug|x64.Build.0 = Debug|Any CPU
		{7EC8417B-2852-4F18-8884-4978665FC663}.Debug|x86.ActiveCfg = Debug|Any CPU
		{7EC8417B-2852-4F18-8884-4978665FC663}.Debug|x86.Build.0 = Debug|Any CPU
		{7EC8417B-2852-4F18-8884-4978665FC663}.Release|Any CPU.ActiveCfg = Release|Any CPU
		{7EC8417B-2852-4F18-8884-4978665FC663}.Release|Any CPU.Build.0 = Release|Any CPU
		{7EC8417B-2852-4F18-8884-4978665FC663}.Release|x64.ActiveCfg = Release|Any CPU
		{7EC8417B-2852-4F18-8884-4978665FC663}.Release|x64.Build.0 = Release|Any CPU
		{7EC8417B-2852-4F18-8884-4978665FC663}.Release|x86.ActiveCfg = Release|Any CPU
		{7EC8417B-2852-4F18-8884-4978665FC663}.Release|x86.Build.0 = Release|Any CPU
		{C14CB2B7-E0F2-4A5B-9C75-5A7EBA924333}.Debug|Any CPU.ActiveCfg = Debug|Any CPU
		{C14CB2B7-E0F2-4A5B-9C75-5A7EBA924333}.Debug|Any CPU.Build.0 = Debug|Any CPU
		{C14CB2B7-E0F2-4A5B-9C75-5A7EBA924333}.Debug|x64.ActiveCfg = Debug|Any CPU
		{C14CB2B7-E0F2-4A5B-9C75-5A7EBA924333}.Debug|x64.Build.0 = Debug|Any CPU
		{C14CB2B7-E0F2-4A5B-9C75-5A7EBA924333}.Debug|x86.ActiveCfg = Debug|Any CPU
		{C14CB2B7-E0F2-4A5B-9C75-5A7EBA924333}.Debug|x86.Build.0 = Debug|Any CPU
		{C14CB2B7-E0F2-4A5B-9C75-5A7EBA924333}.Release|Any CPU.ActiveCfg = Release|Any CPU
		{C14CB2B7-E0F2-4A5B-9C75-5A7EBA924333}.Release|Any CPU.Build.0 = Release|Any CPU
		{C14CB2B7-E0F2-4A5B-9C75-5A7EBA924333}.Release|x64.ActiveCfg = Release|Any CPU
		{C14CB2B7-E0F2-4A5B-9C75-5A7EBA924333}.Release|x64.Build.0 = Release|Any CPU
		{C14CB2B7-E0F2-4A5B-9C75-5A7EBA924333}.Release|x86.ActiveCfg = Release|Any CPU
		{C14CB2B7-E0F2-4A5B-9C75-5A7EBA924333}.Release|x86.Build.0 = Release|Any CPU
		{5B0E3A52-6C1D-4E7F-9A28-3D4F7C1B8E90}.Debug|Any CPU.ActiveCfg = Debug|Any CPU
		{5B0E3A52-6C1D-4E7F-9A28-3D4F7C1B8E90}.Debug|Any CPU.Build.0 = Debug|Any CPU
		{5B0E3A52-6C1D-4E7F-9A28-3D4F7C1B8E90}.Debug|x64.ActiveCfg = Debug|Any CPU
		{5B0E3A52-6C1D-4E7F-9A28-3D4F7C1B8E90}.Debug|x64.Build.0 = Debug|Any CPU
		{5B0E3A52-6C1D-4E7F-9A28-3D4F7C1B8E90}.Debug|x86.ActiveCfg = Debug|Any CPU
		{5B0E3A52-6C1D-4E7F-9A28-3D4F7C1B8E90}.Debug|x86.Build.0 = Debug|Any CPU
		{5B0E3A52-6C1D-4E7F-9A28-3D4F7C1B8E90}.Release|Any CPU.ActiveCfg = Release|Any CPU
		{5B0E3A52-6C1D-4E7F-9A28-3D4F7C1B8E90}.Release|Any CPU.Build.0 = Release|Any CPU
		{5B0E3A52-6C1D-4E7F-9A28-3D4F7C1B8E90}.Release|x64.ActiveCfg = Release|Any CPU
		{5B0E3A52-6C1D-4E7F-9A28-3D4F7C1B8E90}.Release|x64.Build.0 = Release|Any CPU
		{5B0E3A52-6C1D-4E7F-9A28-3D4F7C1B8E90}.Release|x86.ActiveCfg = Release|Any CPU
		{5B0E3A52-6C1D-4E7F-9A28-3D4F7C1B8E90}.Release|x86.Build.0 = Release|Any CPU
	EndGlobalSection
	GlobalSection(SolutionProperties) = preSolution
		HideSolutionNode = FALSE
	EndGlobalSection
EndGlobal
